
Microsoft Visual Studio Solution File, Format Version 12.00
# Visual Studio Version 17
VisualStudioVersion = 17.14.36212.18 d17.14
MinimumVisualStudioVersion = 10.0.40219.1
Project("{FAE04EC0-301F-11D3-BF4B-00C04F79EFBC}") = "ToDoApp", "ToDoApp.csproj", "{FBEB304F-CDA0-4810-A4D1-9AA986D7650A}"
EndProject
Global
	GlobalSection(SolutionConfigurationPlatforms) = preSolution
		Debug|Any CPU = Debug|Any CPU
		Release|Any CPU = Release|Any CPU
	EndGlobalSection
	GlobalSection(ProjectConfigurationPlatforms) = postSolution
		{FBEB304F-CDA0-4810-A4D1-9AA986D7650A}.Debug|Any CPU.ActiveCfg = Debug|Any CPU
		{FBEB304F-CDA0-4810-A4D1-9AA986D7650A}.Debug|Any CPU.Build.0 = Debug|Any CPU
		{FBEB304F-CDA0-4810-A4D1-9AA986D7650A}.Release|Any CPU.ActiveCfg = Release|Any CPU
		{FBEB304F-CDA0-4810-A4D1-9AA986D7650A}.Release|Any CPU.Build.0 = Release|Any CPU
	EndGlobalSection
	GlobalSection(SolutionProperties) = preSolution
		HideSolutionNode = FALSE
	EndGlobalSection
	GlobalSection(ExtensibilityGlobals) = postSolution
		SolutionGuid = {3746582B-D253-4B78-BE5B-DB0789175E39}
	EndGlobalSection
EndGlobal
